<Solution>
  <Folder Name="/App/">
    <Project Path="App/OracleReportGenerator.App.csproj" />
  </Folder>
  <Folder Name="/Core/">
    <Project Path="Core/OracleReportGenerator.Core.csproj" />
  </Folder>
  <Folder Name="/Gui/">
    <Project Path="Gui/OracleReportGenerator.Gui.csproj" />
  </Folder>
</Solution>
